
Microsoft Visual Studio Solution File, Format Version 12.00
# Visual Studio Version 17
VisualStudioVersion = 17.2.32630.192
MinimumVisualStudioVersion = 10.0.40219.1
Project("{9A19103F-16F7-4668-BE54-9A1E7A4F7556}") = "R5T.E0062", "R5T.E0062\R5T.E0062.csproj", "{010B0CFD-FED2-49F9-8E7A-3BA704A9C05D}"
EndProject
Project("{2150E333-8FDC-42A3-9474-1A3956D46DE8}") = "_Dependencies", "_Dependencies", "{BC6ABF6B-20DC-45C3-80DA-8127F208C85C}"
EndProject
Project("{9A19103F-16F7-4668-BE54-9A1E7A4F7556}") = "R5T.T0132", "..\..\R5T.T0132\source\R5T.T0132\R5T.T0132.csproj", "{792789FE-B281-49B9-BE38-78EB5A5E067B}"
EndProject
Project("{9A19103F-16F7-4668-BE54-9A1E7A4F7556}") = "R5T.NG0016", "..\..\R5T.NG0016\source\R5T.NG0016\R5T.NG0016.csproj", "{7D5EA94C-0337-44F1-A027-D6C85138C7BD}"
EndProject
Project("{9A19103F-16F7-4668-BE54-9A1E7A4F7556}") = "R5T.E0062.R001", "R5T.E0062.R001\R5T.E0062.R001.csproj", "{3D501B36-9C69-4B2F-8549-0BBC5DFDE918}"
EndProject
Project("{9A19103F-16F7-4668-BE54-9A1E7A4F7556}") = "R5T.F0033", "..\..\R5T.F0033\source\R5T.F0033\R5T.F0033.csproj", "{28FF222D-6B63-41EB-8AAA-AA9089918C4E}"
EndProject
Project("{9A19103F-16F7-4668-BE54-9A1E7A4F7556}") = "R5T.Z0021", "..\..\R5T.Z0021\source\R5T.Z0021\R5T.Z0021.csproj", "{4052141A-94AA-42F7-B863-109942AFE662}"
EndProject
Project("{9A19103F-16F7-4668-BE54-9A1E7A4F7556}") = "R5T.Z0015", "..\..\R5T.Z0015\source\R5T.Z0015\R5T.Z0015.csproj", "{51CC6C5E-8C2F-409B-8C20-ECACE714974F}"
EndProject
Project("{9A19103F-16F7-4668-BE54-9A1E7A4F7556}") = "R5T.F0000", "..\..\R5T.F0000\source\R5T.F0000\R5T.F0000.csproj", "{712DC9E1-C83E-4DF1-BE69-C4A730ABB551}"
EndProject
Project("{9A19103F-16F7-4668-BE54-9A1E7A4F7556}") = "R5T.T0131", "..\..\R5T.T0131\source\R5T.T0131\R5T.T0131.csproj", "{7D29805F-AC71-43E9-A08F-A67A1DD1DCA1}"
EndProject
Project("{9A19103F-16F7-4668-BE54-9A1E7A4F7556}") = "R5T.T0142", "..\..\R5T.T0142\source\R5T.T0142\R5T.T0142.csproj", "{38A35A52-B4DE-4774-A4CC-F42AA715E04D}"
EndProject
Project("{9A19103F-16F7-4668-BE54-9A1E7A4F7556}") = "R5T.T0143", "..\..\R5T.T0143\source\R5T.T0143\R5T.T0143.csproj", "{ECEBF3EA-4973-4569-9334-3B7646D65F69}"
EndProject
Project("{9A19103F-16F7-4668-BE54-9A1E7A4F7556}") = "R5T.Y0000", "..\..\R5T.Y0000\source\R5T.Y0000\R5T.Y0000.csproj", "{3BC12BE1-EEAD-4DED-B7DC-BAFBB7B9A4AD}"
EndProject
Project("{9A19103F-16F7-4668-BE54-9A1E7A4F7556}") = "R5T.Z0000", "..\..\R5T.Z0000\source\R5T.Z0000\R5T.Z0000.csproj", "{A432E736-BC1F-4D2B-BA9C-7CF8FFA4026C}"
EndProject
Project("{9A19103F-16F7-4668-BE54-9A1E7A4F7556}") = "R5T.F0079", "..\..\R5T.F0079\source\R5T.F0079\R5T.F0079.csproj", "{8B2EB2A0-3D9C-4428-9AC8-C0C5FDD227B3}"
EndProject
Global
	GlobalSection(SolutionConfigurationPlatforms) = preSolution
		Debug|Any CPU = Debug|Any CPU
		Release|Any CPU = Release|Any CPU
	EndGlobalSection
	GlobalSection(ProjectConfigurationPlatforms) = postSolution
		{010B0CFD-FED2-49F9-8E7A-3BA704A9C05D}.Debug|Any CPU.ActiveCfg = Debug|Any CPU
		{010B0CFD-FED2-49F9-8E7A-3BA704A9C05D}.Debug|Any CPU.Build.0 = Debug|Any CPU
		{010B0CFD-FED2-49F9-8E7A-3BA704A9C05D}.Release|Any CPU.ActiveCfg = Release|Any CPU
		{010B0CFD-FED2-49F9-8E7A-3BA704A9C05D}.Release|Any CPU.Build.0 = Release|Any CPU
		{792789FE-B281-49B9-BE38-78EB5A5E067B}.Debug|Any CPU.ActiveCfg = Debug|Any CPU
		{792789FE-B281-49B9-BE38-78EB5A5E067B}.Debug|Any CPU.Build.0 = Debug|Any CPU
		{792789FE-B281-49B9-BE38-78EB5A5E067B}.Release|Any CPU.ActiveCfg = Release|Any CPU
		{792789FE-B281-49B9-BE38-78EB5A5E067B}.Release|Any CPU.Build.0 = Release|Any CPU
		{7D5EA94C-0337-44F1-A027-D6C85138C7BD}.Debug|Any CPU.ActiveCfg = Debug|Any CPU
		{7D5EA94C-0337-44F1-A027-D6C85138C7BD}.Debug|Any CPU.Build.0 = Debug|Any CPU
		{7D5EA94C-0337-44F1-A027-D6C85138C7BD}.Release|Any CPU.ActiveCfg = Release|Any CPU
		{7D5EA94C-0337-44F1-A027-D6C85138C7BD}.Release|Any CPU.Build.0 = Release|Any CPU
		{3D501B36-9C69-4B2F-8549-0BBC5DFDE918}.Debug|Any CPU.ActiveCfg = Debug|Any CPU
		{3D501B36-9C69-4B2F-8549-0BBC5DFDE918}.Debug|Any CPU.Build.0 = Debug|Any CPU
		{3D501B36-9C69-4B2F-8549-0BBC5DFDE918}.Release|Any CPU.ActiveCfg = Release|Any CPU
		{3D501B36-9C69-4B2F-8549-0BBC5DFDE918}.Release|Any CPU.Build.0 = Release|Any CPU
		{28FF222D-6B63-41EB-8AAA-AA9089918C4E}.Debug|Any CPU.ActiveCfg = Debug|Any CPU
		{28FF222D-6B63-41EB-8AAA-AA9089918C4E}.Debug|Any CPU.Build.0 = Debug|Any CPU
		{28FF222D-6B63-41EB-8AAA-AA9089918C4E}.Release|Any CPU.ActiveCfg = Release|Any CPU
		{28FF222D-6B63-41EB-8AAA-AA9089918C4E}.Release|Any CPU.Build.0 = Release|Any CPU
		{4052141A-94AA-42F7-B863-109942AFE662}.Debug|Any CPU.ActiveCfg = Debug|Any CPU
		{4052141A-94AA-42F7-B863-109942AFE662}.Debug|Any CPU.Build.0 = Debug|Any CPU
		{4052141A-94AA-42F7-B863-109942AFE662}.Release|Any CPU.ActiveCfg = Release|Any CPU
		{4052141A-94AA-42F7-B863-109942AFE662}.Release|Any CPU.Build.0 = Release|Any CPU
		{51CC6C5E-8C2F-409B-8C20-ECACE714974F}.Debug|Any CPU.ActiveCfg = Debug|Any CPU
		{51CC6C5E-8C2F-409B-8C20-ECACE714974F}.Debug|Any CPU.Build.0 = Debug|Any CPU
		{51CC6C5E-8C2F-409B-8C20-ECACE714974F}.Release|Any CPU.ActiveCfg = Release|Any CPU
		{51CC6C5E-8C2F-409B-8C20-ECACE714974F}.Release|Any CPU.Build.0 = Release|Any CPU
		{712DC9E1-C83E-4DF1-BE69-C4A730ABB551}.Debug|Any CPU.ActiveCfg = Debug|Any CPU
		{712DC9E1-C83E-4DF1-BE69-C4A730ABB551}.Debug|Any CPU.Build.0 = Debug|Any CPU
		{712DC9E1-C83E-4DF1-BE69-C4A730ABB551}.Release|Any CPU.ActiveCfg = Release|Any CPU
		{712DC9E1-C83E-4DF1-BE69-C4A730ABB551}.Release|Any CPU.Build.0 = Release|Any CPU
		{7D29805F-AC71-43E9-A08F-A67A1DD1DCA1}.Debug|Any CPU.ActiveCfg = Debug|Any CPU
		{7D29805F-AC71-43E9-A08F-A67A1DD1DCA1}.Debug|Any CPU.Build.0 = Debug|Any CPU
		{7D29805F-AC71-43E9-A08F-A67A1DD1DCA1}.Release|Any CPU.ActiveCfg = Release|Any CPU
		{7D29805F-AC71-43E9-A08F-A67A1DD1DCA1}.Release|Any CPU.Build.0 = Release|Any CPU
		{38A35A52-B4DE-4774-A4CC-F42AA715E04D}.Debug|Any CPU.ActiveCfg = Debug|Any CPU
		{38A35A52-B4DE-4774-A4CC-F42AA715E04D}.Debug|Any CPU.Build.0 = Debug|Any CPU
		{38A35A52-B4DE-4774-A4CC-F42AA715E04D}.Release|Any CPU.ActiveCfg = Release|Any CPU
		{38A35A52-B4DE-4774-A4CC-F42AA715E04D}.Release|Any CPU.Build.0 = Release|Any CPU
		{ECEBF3EA-4973-4569-9334-3B7646D65F69}.Debug|Any CPU.ActiveCfg = Debug|Any CPU
		{ECEBF3EA-4973-4569-9334-3B7646D65F69}.Debug|Any CPU.Build.0 = Debug|Any CPU
		{ECEBF3EA-4973-4569-9334-3B7646D65F69}.Release|Any CPU.ActiveCfg = Release|Any CPU
		{ECEBF3EA-4973-4569-9334-3B7646D65F69}.Release|Any CPU.Build.0 = Release|Any CPU
		{3BC12BE1-EEAD-4DED-B7DC-BAFBB7B9A4AD}.Debug|Any CPU.ActiveCfg = Debug|Any CPU
		{3BC12BE1-EEAD-4DED-B7DC-BAFBB7B9A4AD}.Debug|Any CPU.Build.0 = Debug|Any CPU
		{3BC12BE1-EEAD-4DED-B7DC-BAFBB7B9A4AD}.Release|Any CPU.ActiveCfg = Release|Any CPU
		{3BC12BE1-EEAD-4DED-B7DC-BAFBB7B9A4AD}.Release|Any CPU.Build.0 = Release|Any CPU
		{A432E736-BC1F-4D2B-BA9C-7CF8FFA4026C}.Debug|Any CPU.ActiveCfg = Debug|Any CPU
		{A432E736-BC1F-4D2B-BA9C-7CF8FFA4026C}.Debug|Any CPU.Build.0 = Debug|Any CPU
		{A432E736-BC1F-4D2B-BA9C-7CF8FFA4026C}.Release|Any CPU.ActiveCfg = Release|Any CPU
		{A432E736-BC1F-4D2B-BA9C-7CF8FFA4026C}.Release|Any CPU.Build.0 = Release|Any CPU
		{8B2EB2A0-3D9C-4428-9AC8-C0C5FDD227B3}.Debug|Any CPU.ActiveCfg = Debug|Any CPU
		{8B2EB2A0-3D9C-4428-9AC8-C0C5FDD227B3}.Debug|Any CPU.Build.0 = Debug|Any CPU
		{8B2EB2A0-3D9C-4428-9AC8-C0C5FDD227B3}.Release|Any CPU.ActiveCfg = Release|Any CPU
		{8B2EB2A0-3D9C-4428-9AC8-C0C5FDD227B3}.Release|Any CPU.Build.0 = Release|Any CPU
	EndGlobalSection
	GlobalSection(SolutionProperties) = preSolution
		HideSolutionNode = FALSE
	EndGlobalSection
	GlobalSection(NestedProjects) = preSolution
		{792789FE-B281-49B9-BE38-78EB5A5E067B} = {BC6ABF6B-20DC-45C3-80DA-8127F208C85C}
		{7D5EA94C-0337-44F1-A027-D6C85138C7BD} = {BC6ABF6B-20DC-45C3-80DA-8127F208C85C}
		{28FF222D-6B63-41EB-8AAA-AA9089918C4E} = {BC6ABF6B-20DC-45C3-80DA-8127F208C85C}
		{4052141A-94AA-42F7-B863-109942AFE662} = {BC6ABF6B-20DC-45C3-80DA-8127F208C85C}
		{51CC6C5E-8C2F-409B-8C20-ECACE714974F} = {BC6ABF6B-20DC-45C3-80DA-8127F208C85C}
		{712DC9E1-C83E-4DF1-BE69-C4A730ABB551} = {BC6ABF6B-20DC-45C3-80DA-8127F208C85C}
		{7D29805F-AC71-43E9-A08F-A67A1DD1DCA1} = {BC6ABF6B-20DC-45C3-80DA-8127F208C85C}
		{38A35A52-B4DE-4774-A4CC-F42AA715E04D} = {BC6ABF6B-20DC-45C3-80DA-8127F208C85C}
		{ECEBF3EA-4973-4569-9334-3B7646D65F69} = {BC6ABF6B-20DC-45C3-80DA-8127F208C85C}
		{3BC12BE1-EEAD-4DED-B7DC-BAFBB7B9A4AD} = {BC6ABF6B-20DC-45C3-80DA-8127F208C85C}
		{A432E736-BC1F-4D2B-BA9C-7CF8FFA4026C} = {BC6ABF6B-20DC-45C3-80DA-8127F208C85C}
		{8B2EB2A0-3D9C-4428-9AC8-C0C5FDD227B3} = {BC6ABF6B-20DC-45C3-80DA-8127F208C85C}
	EndGlobalSection
	GlobalSection(ExtensibilityGlobals) = postSolution
		SolutionGuid = {FF94E2E8-7D8B-405B-97F4-E9A2F56B72E2}
	EndGlobalSection
EndGlobal
